
Microsoft Visual Studio Solution File, Format Version 12.00
# Visual Studio Version 17
VisualStudioVersion = 17.2.32630.192
MinimumVisualStudioVersion = 10.0.40219.1
Project("{8BC9CEB8-8B4A-11D0-8D11-00A0C91BC942}") = "Factorial", "Factorial.vcxproj", "{88C769BA-FA50-4C27-9E6F-E84FEC43756F}"
EndProject
Global
	GlobalSection(SolutionConfigurationPlatforms) = preSolution
		Debug|x64 = Debug|x64
		Debug|x86 = Debug|x86
		Release|x64 = Release|x64
		Release|x86 = Release|x86
	EndGlobalSection
	GlobalSection(ProjectConfigurationPlatforms) = postSolution
		{88C769BA-FA50-4C27-9E6F-E84FEC43756F}.Debug|x64.ActiveCfg = Debug|x64
		{88C769BA-FA50-4C27-9E6F-E84FEC43756F}.Debug|x64.Build.0 = Debug|x64
		{88C769BA-FA50-4C27-9E6F-E84FEC43756F}.Debug|x86.ActiveCfg = Debug|Win32
		{88C769BA-FA50-4C27-9E6F-E84FEC43756F}.Debug|x86.Build.0 = Debug|Win32
		{88C769BA-FA50-4C27-9E6F-E84FEC43756F}.Release|x64.ActiveCfg = Release|x64
		{88C769BA-FA50-4C27-9E6F-E84FEC43756F}.Release|x64.Build.0 = Release|x64
		{88C769BA-FA50-4C27-9E6F-E84FEC43756F}.Release|x86.ActiveCfg = Release|Win32
		{88C769BA-FA50-4C27-9E6F-E84FEC43756F}.Release|x86.Build.0 = Release|Win32
	EndGlobalSection
	GlobalSection(SolutionProperties) = preSolution
		HideSolutionNode = FALSE
	EndGlobalSection
	GlobalSection(ExtensibilityGlobals) = postSolution
		SolutionGuid = {AA5ADBB4-5FC6-4524-8204-01A4A7F981B2}
	EndGlobalSection
EndGlobal
