
Microsoft Visual Studio Solution File, Format Version 12.00
# Visual Studio Version 17
VisualStudioVersion = 17.2.32630.192
MinimumVisualStudioVersion = 10.0.40219.1
Project("{8BC9CEB8-8B4A-11D0-8D11-00A0C91BC942}") = "21 sieveOfErotosthenesForPrimeNumbers", "21 sieveOfErotosthenesForPrimeNumbers.vcxproj", "{D723370D-005D-49F6-B34F-CE0178F9CF70}"
EndProject
Global
	GlobalSection(SolutionConfigurationPlatforms) = preSolution
		Debug|x64 = Debug|x64
		Debug|x86 = Debug|x86
		Release|x64 = Release|x64
		Release|x86 = Release|x86
	EndGlobalSection
	GlobalSection(ProjectConfigurationPlatforms) = postSolution
		{D723370D-005D-49F6-B34F-CE0178F9CF70}.Debug|x64.ActiveCfg = Debug|x64
		{D723370D-005D-49F6-B34F-CE0178F9CF70}.Debug|x64.Build.0 = Debug|x64
		{D723370D-005D-49F6-B34F-CE0178F9CF70}.Debug|x86.ActiveCfg = Debug|Win32
		{D723370D-005D-49F6-B34F-CE0178F9CF70}.Debug|x86.Build.0 = Debug|Win32
		{D723370D-005D-49F6-B34F-CE0178F9CF70}.Release|x64.ActiveCfg = Release|x64
		{D723370D-005D-49F6-B34F-CE0178F9CF70}.Release|x64.Build.0 = Release|x64
		{D723370D-005D-49F6-B34F-CE0178F9CF70}.Release|x86.ActiveCfg = Release|Win32
		{D723370D-005D-49F6-B34F-CE0178F9CF70}.Release|x86.Build.0 = Release|Win32
	EndGlobalSection
	GlobalSection(SolutionProperties) = preSolution
		HideSolutionNode = FALSE
	EndGlobalSection
	GlobalSection(ExtensibilityGlobals) = postSolution
		SolutionGuid = {08AC1F1F-CEE5-47DA-87BD-C8354CEAA909}
	EndGlobalSection
EndGlobal
